// !$*UTF8*$!
{
	archiveVersion = 1;
	classes = {
	};
	objectVersion = 77;
	objects = {

/* Begin PBXBuildFile section */
		5B907A8E2D846660007EBE08 /* users.json in Resources */ = {isa = PBXBuildFile; fileRef = 5B907A8D2D846660007EBE08 /* users.json */; };
/* End PBXBuildFile section */

/* Begin PBXContainerItemProxy section */
		5B907A5B2D8463DF007EBE08 /* PBXContainerItemProxy */ = {
			isa = PBXContainerItemProxy;
			containerPortal = 5B907A422D8463DD007EBE08 /* Project object */;
			proxyType = 1;
			remoteGlobalIDString = 5B907A492D8463DD007EBE08;
			remoteInfo = InstagramLikeApp;
		};
		5B907A652D8463DF007EBE08 /* PBXContainerItemProxy */ = {
			isa = PBXContainerItemProxy;
			containerPortal = 5B907A422D8463DD007EBE08 /* Project object */;
			proxyType = 1;
			remoteGlobalIDString = 5B907A492D8463DD007EBE08;
			remoteInfo = InstagramLikeApp;
		};
/* End PBXContainerItemProxy section */

/* Begin PBXFileReference section */
		5B907A4A2D8463DD007EBE08 /* InstagramLikeApp.app */ = {isa = PBXFileReference; explicitFileType = wrapper.application; includeInIndex = 0; path = InstagramLikeApp.app; sourceTree = BUILT_PRODUCTS_DIR; };
		5B907A5A2D8463DF007EBE08 /* InstagramLikeAppTests.xctest */ = {isa = PBXFileReference; explicitFileType = wrapper.cfbundle; includeInIndex = 0; path = InstagramLikeAppTests.xctest; sourceTree = BUILT_PRODUCTS_DIR; };
		5B907A642D8463DF007EBE08 /* InstagramLikeAppUITests.xctest */ = {isa = PBXFileReference; explicitFileType = wrapper.cfbundle; includeInIndex = 0; path = InstagramLikeAppUITests.xctest; sourceTree = BUILT_PRODUCTS_DIR; };
		5B907A8D2D846660007EBE08 /* users.json */ = {isa = PBXFileReference; lastKnownFileType = text.json; path = users.json; sourceTree = "<group>"; };
/* End PBXFileReference section */

/* Begin PBXFileSystemSynchronizedRootGroup section */
		5B907A4C2D8463DD007EBE08 /* InstagramLikeApp */ = {
			isa = PBXFileSystemSynchronizedRootGroup;
			path = InstagramLikeApp;
			sourceTree = "<group>";
		};
		5B907A5D2D8463DF007EBE08 /* InstagramLikeAppTests */ = {
			isa = PBXFileSystemSynchronizedRootGroup;
			path = InstagramLikeAppTests;
			sourceTree = "<group>";
		};
		5B907A672D8463DF007EBE08 /* InstagramLikeAppUITests */ = {
			isa = PBXFileSystemSynchronizedRootGroup;
			path = InstagramLikeAppUITests;
			sourceTree = "<group>";
		};
/* End PBXFileSystemSynchronizedRootGroup section */

/* Begin PBXFrameworksBuildPhase section */
		5B907A472D8463DD007EBE08 /* Frameworks */ = {
			isa = PBXFrameworksBuildPhase;
			buildActionMask = 2147483647;
			files = (
			);
			runOnlyForDeploymentPostprocessing = 0;
		};
		5B907A572D8463DF007EBE08 /* Frameworks */ = {
			isa = PBXFrameworksBuildPhase;
			buildActionMask = 2147483647;
			files = (
			);
			runOnlyForDeploymentPostprocessing = 0;
		};
		5B907A612D8463DF007EBE08 /* Frameworks */ = {
			isa = PBXFrameworksBuildPhase;
			buildActionMask = 2147483647;
			files = (
			);
			runOnlyForDeploymentPostprocessing = 0;
		};
/* End PBXFrameworksBuildPhase section */

/* Begin PBXGroup section */
		5B907A412D8463DD007EBE08 = {
			isa = PBXGroup;
			children = (
				5B907A8D2D846660007EBE08 /* users.json */,
				5B907A4C2D8463DD007EBE08 /* InstagramLikeApp */,
				5B907A5D2D8463DF007EBE08 /* InstagramLikeAppTests */,
				5B907A672D8463DF007EBE08 /* InstagramLikeAppUITests */,
				5B907A4B2D8463DD007EBE08 /* Products */,
			);
			sourceTree = "<group>";
		};
		5B907A4B2D8463DD007EBE08 /* Products */ = {
			isa = PBXGroup;
			children = (
				5B907A4A2D8463DD007EBE08 /* InstagramLikeApp.app */,
				5B907A5A2D8463DF007EBE08 /* InstagramLikeAppTests.xctest */,
				5B907A642D8463DF007EBE08 /* InstagramLikeAppUITests.xctest */,
			);
			name = Products;
			sourceTree = "<group>";
		};
/* End PBXGroup section */

/* Begin PBXNativeTarget section */
		5B907A492D8463DD007EBE08 /* InstagramLikeApp */ = {
			isa = PBXNativeTarget;
			buildConfigurationList = 5B907A6E2D8463DF007EBE08 /* Build configuration list for PBXNativeTarget "InstagramLikeApp" */;
			buildPhases = (
				5B907A462D8463DD007EBE08 /* Sources */,
				5B907A472D8463DD007EBE08 /* Frameworks */,
				5B907A482D8463DD007EBE08 /* Resources */,
			);
			buildRules = (
			);
			dependencies = (
			);
			fileSystemSynchronizedGroups = (
				5B907A4C2D8463DD007EBE08 /* InstagramLikeApp */,
			);
			name = InstagramLikeApp;
			packageProductDependencies = (
			);
			productName = InstagramLikeApp;
			productReference = 5B907A4A2D8463DD007EBE08 /* InstagramLikeApp.app */;
			productType = "com.apple.product-type.application";
		};
		5B907A592D8463DF007EBE08 /* InstagramLikeAppTests */ = {
			isa = PBXNativeTarget;
			buildConfigurationList = 5B907A712D8463DF007EBE08 /* Build configuration list for PBXNativeTarget "InstagramLikeAppTests" */;
			buildPhases = (
				5B907A562D8463DF007EBE08 /* Sources */,
				5B907A572D8463DF007EBE08 /* Frameworks */,
				5B907A582D8463DF007EBE08 /* Resources */,
			);
			buildRules = (
			);
			dependencies = (
				5B907A5C2D8463DF007EBE08 /* PBXTargetDependency */,
			);
			fileSystemSynchronizedGroups = (
				5B907A5D2D8463DF007EBE08 /* InstagramLikeAppTests */,
			);
			name = InstagramLikeAppTests;
			packageProductDependencies = (
			);
			productName = InstagramLikeAppTests;
			productReference = 5B907A5A2D8463DF007EBE08 /* InstagramLikeAppTests.xctest */;
			productType = "com.apple.product-type.bundle.unit-test";
		};
		5B907A632D8463DF007EBE08 /* InstagramLikeAppUITests */ = {
			isa = PBXNativeTarget;
			buildConfigurationList = 5B907A742D8463DF007EBE08 /* Build configuration list for PBXNativeTarget "InstagramLikeAppUITests" */;
			buildPhases = (
				5B907A602D8463DF007EBE08 /* Sources */,
				5B907A612D8463DF007EBE08 /* Frameworks */,
				5B907A622D8463DF007EBE08 /* Resources */,
			);
			buildRules = (
			);
			dependencies = (
				5B907A662D8463DF007EBE08 /* PBXTargetDependency */,
			);
			fileSystemSynchronizedGroups = (
				5B907A672D8463DF007EBE08 /* InstagramLikeAppUITests */,
			);
			name = InstagramLikeAppUITests;
			packageProductDependencies = (
			);
			productName = InstagramLikeAppUITests;
			productReference = 5B907A642D8463DF007EBE08 /* InstagramLikeAppUITests.xctest */;
			productType = "com.apple.product-type.bundle.ui-testing";
		};
/* End PBXNativeTarget section */

/* Begin PBXProject section */
		5B907A422D8463DD007EBE08 /* Project object */ = {
			isa = PBXProject;
			attributes = {
				BuildIndependentTargetsInParallel = 1;
				LastSwiftUpdateCheck = 1620;
				LastUpgradeCheck = 1620;
				TargetAttributes = {
					5B907A492D8463DD007EBE08 = {
						CreatedOnToolsVersion = 16.2;
					};
					5B907A592D8463DF007EBE08 = {
						CreatedOnToolsVersion = 16.2;
						TestTargetID = 5B907A492D8463DD007EBE08;
					};
					5B907A632D8463DF007EBE08 = {
						CreatedOnToolsVersion = 16.2;
						TestTargetID = 5B907A492D8463DD007EBE08;
					};
				};
			};
			buildConfigurationList = 5B907A452D8463DD007EBE08 /* Build configuration list for PBXProject "InstagramLikeApp" */;
			developmentRegion = en;
			hasScannedForEncodings = 0;
			knownRegions = (
				en,
				Base,
			);
			mainGroup = 5B907A412D8463DD007EBE08;
			minimizedProjectReferenceProxies = 1;
			preferredProjectObjectVersion = 77;
			productRefGroup = 5B907A4B2D8463DD007EBE08 /* Products */;
			projectDirPath = "";
			projectRoot = "";
			targets = (
				5B907A492D8463DD007EBE08 /* InstagramLikeApp */,
				5B907A592D8463DF007EBE08 /* InstagramLikeAppTests */,
				5B907A632D8463DF007EBE08 /* InstagramLikeAppUITests */,
			);
		};
/* End PBXProject section */

/* Begin PBXResourcesBuildPhase section */
		5B907A482D8463DD007EBE08 /* Resources */ = {
			isa = PBXResourcesBuildPhase;
			buildActionMask = 2147483647;
			files = (
				5B907A8E2D846660007EBE08 /* users.json in Resources */,
			);
			runOnlyForDeploymentPostprocessing = 0;
		};
		5B907A582D8463DF007EBE08 /* Resources */ = {
			isa = PBXResourcesBuildPhase;
			buildActionMask = 2147483647;
			files = (
			);
			runOnlyForDeploymentPostprocessing = 0;
		};
		5B907A622D8463DF007EBE08 /* Resources */ = {
			isa = PBXResourcesBuildPhase;
			buildActionMask = 2147483647;
			files = (
			);
			runOnlyForDeploymentPostprocessing = 0;
		};
/* End PBXResourcesBuildPhase section */

/* Begin PBXSourcesBuildPhase section */
		5B907A462D8463DD007EBE08 /* Sources */ = {
			isa = PBXSourcesBuildPhase;
			buildActionMask = 2147483647;
			files = (
			);
			runOnlyForDeploymentPostprocessing = 0;
		};
		5B907A562D8463DF007EBE08 /* Sources */ = {
			isa = PBXSourcesBuildPhase;
			buildActionMask = 2147483647;
			files = (
			);
			runOnlyForDeploymentPostprocessing = 0;
		};
		5B907A602D8463DF007EBE08 /* Sources */ = {
			isa = PBXSourcesBuildPhase;
			buildActionMask = 2147483647;
			files = (
			);
			runOnlyForDeploymentPostprocessing = 0;
		};
/* End PBXSourcesBuildPhase section */

/* Begin PBXTargetDependency section */
		5B907A5C2D8463DF007EBE08 /* PBXTargetDependency */ = {
			isa = PBXTargetDependency;
			target = 5B907A492D8463DD007EBE08 /* InstagramLikeApp */;
			targetProxy = 5B907A5B2D8463DF007EBE08 /* PBXContainerItemProxy */;
		};
		5B907A662D8463DF007EBE08 /* PBXTargetDependency */ = {
			isa = PBXTargetDependency;
			target = 5B907A492D8463DD007EBE08 /* InstagramLikeApp */;
			targetProxy = 5B907A652D8463DF007EBE08 /* PBXContainerItemProxy */;
		};
/* End PBXTargetDependency section */

/* Begin XCBuildConfiguration section */
		5B907A6C2D8463DF007EBE08 /* Debug */ = {
			isa = XCBuildConfiguration;
			buildSettings = {
				ALWAYS_SEARCH_USER_PATHS = NO;
				ASSETCATALOG_COMPILER_GENERATE_SWIFT_ASSET_SYMBOL_EXTENSIONS = YES;
				CLANG_ANALYZER_NONNULL = YES;
				CLANG_ANALYZER_NUMBER_OBJECT_CONVERSION = YES_AGGRESSIVE;
				CLANG_CXX_LANGUAGE_STANDARD = "gnu++20";
				CLANG_ENABLE_MODULES = YES;
				CLANG_ENABLE_OBJC_ARC = YES;
				CLANG_ENABLE_OBJC_WEAK = YES;
				CLANG_WARN_BLOCK_CAPTURE_AUTORELEASING = YES;
				CLANG_WARN_BOOL_CONVERSION = YES;
				CLANG_WARN_COMMA = YES;
				CLANG_WARN_CONSTANT_CONVERSION = YES;
				CLANG_WARN_DEPRECATED_OBJC_IMPLEMENTATIONS = YES;
				CLANG_WARN_DIRECT_OBJC_ISA_USAGE = YES_ERROR;
				CLANG_WARN_DOCUMENTATION_COMMENTS = YES;
				CLANG_WARN_EMPTY_BODY = YES;
				CLANG_WARN_ENUM_CONVERSION = YES;
				CLANG_WARN_INFINITE_RECURSION = YES;
				CLANG_WARN_INT_CONVERSION = YES;
				CLANG_WARN_NON_LITERAL_NULL_CONVERSION = YES;
				CLANG_WARN_OBJC_IMPLICIT_RETAIN_SELF = YES;
				CLANG_WARN_OBJC_LITERAL_CONVERSION = YES;
				CLANG_WARN_OBJC_ROOT_CLASS = YES_ERROR;
				CLANG_WARN_QUOTED_INCLUDE_IN_FRAMEWORK_HEADER = YES;
				CLANG_WARN_RANGE_LOOP_ANALYSIS = YES;
				CLANG_WARN_STRICT_PROTOTYPES = YES;
				CLANG_WARN_SUSPICIOUS_MOVE = YES;
				CLANG_WARN_UNGUARDED_AVAILABILITY = YES_AGGRESSIVE;
				CLANG_WARN_UNREACHABLE_CODE = YES;
				CLANG_WARN__DUPLICATE_METHOD_MATCH = YES;
				COPY_PHASE_STRIP = NO;
				DEBUG_INFORMATION_FORMAT = dwarf;
				ENABLE_STRICT_OBJC_MSGSEND = YES;
				ENABLE_TESTABILITY = YES;
				ENABLE_USER_SCRIPT_SANDBOXING = YES;
				GCC_C_LANGUAGE_STANDARD = gnu17;
				GCC_DYNAMIC_NO_PIC = NO;
				GCC_NO_COMMON_BLOCKS = YES;
				GCC_OPTIMIZATION_LEVEL = 0;
				GCC_PREPROCESSOR_DEFINITIONS = (
					"DEBUG=1",
					"$(inherited)",
				);
				GCC_WARN_64_TO_32_BIT_CONVERSION = YES;
				GCC_WARN_ABOUT_RETURN_TYPE = YES_ERROR;
				GCC_WARN_UNDECLARED_SELECTOR = YES;
				GCC_WARN_UNINITIALIZED_AUTOS = YES_AGGRESSIVE;
				GCC_WARN_UNUSED_FUNCTION = YES;
				GCC_WARN_UNUSED_VARIABLE = YES;
				IPHONEOS_DEPLOYMENT_TARGET = 18.2;
				LOCALIZATION_PREFERS_STRING_CATALOGS = YES;
				MTL_ENABLE_DEBUG_INFO = INCLUDE_SOURCE;
				MTL_FAST_MATH = YES;
				ONLY_ACTIVE_ARCH = YES;
				SDKROOT = iphoneos;
				SWIFT_ACTIVE_COMPILATION_CONDITIONS = "DEBUG $(inherited)";
				SWIFT_OPTIMIZATION_LEVEL = "-Onone";
			};
			name = Debug;
		};
		5B907A6D2D8463DF007EBE08 /* Release */ = {
			isa = XCBuildConfiguration;
			buildSettings = {
				ALWAYS_SEARCH_USER_PATHS = NO;
				ASSETCATALOG_COMPILER_GENERATE_SWIFT_ASSET_SYMBOL_EXTENSIONS = YES;
				CLANG_ANALYZER_NONNULL = YES;
				CLANG_ANALYZER_NUMBER_OBJECT_CONVERSION = YES_AGGRESSIVE;
				CLANG_CXX_LANGUAGE_STANDARD = "gnu++20";
				CLANG_ENABLE_MODULES = YES;
				CLANG_ENABLE_OBJC_ARC = YES;
				CLANG_ENABLE_OBJC_WEAK = YES;
				CLANG_WARN_BLOCK_CAPTURE_AUTORELEASING = YES;
				CLANG_WARN_BOOL_CONVERSION = YES;
				CLANG_WARN_COMMA = YES;
				CLANG_WARN_CONSTANT_CONVERSION = YES;
				CLANG_WARN_DEPRECATED_OBJC_IMPLEMENTATIONS = YES;
				CLANG_WARN_DIRECT_OBJC_ISA_USAGE = YES_ERROR;
				CLANG_WARN_DOCUMENTATION_COMMENTS = YES;
				CLANG_WARN_EMPTY_BODY = YES;
				CLANG_WARN_ENUM_CONVERSION = YES;
				CLANG_WARN_INFINITE_RECURSION = YES;
				CLANG_WARN_INT_CONVERSION = YES;
				CLANG_WARN_NON_LITERAL_NULL_CONVERSION = YES;
				CLANG_WARN_OBJC_IMPLICIT_RETAIN_SELF = YES;
				CLANG_WARN_OBJC_LITERAL_CONVERSION = YES;
				CLANG_WARN_OBJC_ROOT_CLASS = YES_ERROR;
				CLANG_WARN_QUOTED_INCLUDE_IN_FRAMEWORK_HEADER = YES;
				CLANG_WARN_RANGE_LOOP_ANALYSIS = YES;
				CLANG_WARN_STRICT_PROTOTYPES = YES;
				CLANG_WARN_SUSPICIOUS_MOVE = YES;
				CLANG_WARN_UNGUARDED_AVAILABILITY = YES_AGGRESSIVE;
				CLANG_WARN_UNREACHABLE_CODE = YES;
				CLANG_WARN__DUPLICATE_METHOD_MATCH = YES;
				COPY_PHASE_STRIP = NO;
				DEBUG_INFORMATION_FORMAT = "dwarf-with-dsym";
				ENABLE_NS_ASSERTIONS = NO;
				ENABLE_STRICT_OBJC_MSGSEND = YES;
				ENABLE_USER_SCRIPT_SANDBOXING = YES;
				GCC_C_LANGUAGE_STANDARD = gnu17;
				GCC_NO_COMMON_BLOCKS = YES;
				GCC_WARN_64_TO_32_BIT_CONVERSION = YES;
				GCC_WARN_ABOUT_RETURN_TYPE = YES_ERROR;
				GCC_WARN_UNDECLARED_SELECTOR = YES;
				GCC_WARN_UNINITIALIZED_AUTOS = YES_AGGRESSIVE;
				GCC_WARN_UNUSED_FUNCTION = YES;
				GCC_WARN_UNUSED_VARIABLE = YES;
				IPHONEOS_DEPLOYMENT_TARGET = 18.2;
				LOCALIZATION_PREFERS_STRING_CATALOGS = YES;
				MTL_ENABLE_DEBUG_INFO = NO;
				MTL_FAST_MATH = YES;
				SDKROOT = iphoneos;
				SWIFT_COMPILATION_MODE = wholemodule;
				VALIDATE_PRODUCT = YES;
			};
			name = Release;
		};
		5B907A6F2D8463DF007EBE08 /* Debug */ = {
			isa = XCBuildConfiguration;
			buildSettings = {
				ASSETCATALOG_COMPILER_APPICON_NAME = AppIcon;
				ASSETCATALOG_COMPILER_GLOBAL_ACCENT_COLOR_NAME = AccentColor;
				CODE_SIGN_STYLE = Automatic;
				CURRENT_PROJECT_VERSION = 1;
				DEVELOPMENT_ASSET_PATHS = "\"InstagramLikeApp/Preview Content\"";
				DEVELOPMENT_TEAM = 34Z5QG59S2;
				ENABLE_PREVIEWS = YES;
				GENERATE_INFOPLIST_FILE = YES;
				INFOPLIST_KEY_UIApplicationSceneManifest_Generation = YES;
				INFOPLIST_KEY_UIApplicationSupportsIndirectInputEvents = YES;
				INFOPLIST_KEY_UILaunchScreen_Generation = YES;
				INFOPLIST_KEY_UISupportedInterfaceOrientations = UIInterfaceOrientationPortrait;
				IPHONEOS_DEPLOYMENT_TARGET = 17.6;
				LD_RUNPATH_SEARCH_PATHS = (
					"$(inherited)",
					"@executable_path/Frameworks",
				);
				MARKETING_VERSION = 1.0;
				PRODUCT_BUNDLE_IDENTIFIER = amongus.com.InstagramLikeApp;
				PRODUCT_NAME = "$(TARGET_NAME)";
				SWIFT_EMIT_LOC_STRINGS = YES;
				SWIFT_VERSION = 5.0;
				TARGETED_DEVICE_FAMILY = "1,2";
			};
			name = Debug;
		};
		5B907A702D8463DF007EBE08 /* Release */ = {
			isa = XCBuildConfiguration;
			buildSettings = {
				ASSETCATALOG_COMPILER_APPICON_NAME = AppIcon;
				ASSETCATALOG_COMPILER_GLOBAL_ACCENT_COLOR_NAME = AccentColor;
				CODE_SIGN_STYLE = Automatic;
				CURRENT_PROJECT_VERSION = 1;
				DEVELOPMENT_ASSET_PATHS = "\"InstagramLikeApp/Preview Content\"";
				DEVELOPMENT_TEAM = 34Z5QG59S2;
				ENABLE_PREVIEWS = YES;
				GENERATE_INFOPLIST_FILE = YES;
				INFOPLIST_KEY_UIApplicationSceneManifest_Generation = YES;
				INFOPLIST_KEY_UIApplicationSupportsIndirectInputEvents = YES;
				INFOPLIST_KEY_UILaunchScreen_Generation = YES;
				INFOPLIST_KEY_UISupportedInterfaceOrientations = UIInterfaceOrientationPortrait;
				IPHONEOS_DEPLOYMENT_TARGET = 17.6;
				LD_RUNPATH_SEARCH_PATHS = (
					"$(inherited)",
					"@executable_path/Frameworks",
				);
				MARKETING_VERSION = 1.0;
				PRODUCT_BUNDLE_IDENTIFIER = amongus.com.InstagramLikeApp;
				PRODUCT_NAME = "$(TARGET_NAME)";
				SWIFT_EMIT_LOC_STRINGS = YES;
				SWIFT_VERSION = 5.0;
				TARGETED_DEVICE_FAMILY = "1,2";
			};
			name = Release;
		};
		5B907A722D8463DF007EBE08 /* Debug */ = {
			isa = XCBuildConfiguration;
			buildSettings = {
				BUNDLE_LOADER = "$(TEST_HOST)";
				CODE_SIGN_STYLE = Automatic;
				CURRENT_PROJECT_VERSION = 1;
				DEVELOPMENT_TEAM = 34Z5QG59S2;
				GENERATE_INFOPLIST_FILE = YES;
				IPHONEOS_DEPLOYMENT_TARGET = 18.2;
				MARKETING_VERSION = 1.0;
				PRODUCT_BUNDLE_IDENTIFIER = amongus.com.InstagramLikeAppTests;
				PRODUCT_NAME = "$(TARGET_NAME)";
				SWIFT_EMIT_LOC_STRINGS = NO;
				SWIFT_VERSION = 5.0;
				TARGETED_DEVICE_FAMILY = "1,2";
				TEST_HOST = "$(BUILT_PRODUCTS_DIR)/InstagramLikeApp.app/$(BUNDLE_EXECUTABLE_FOLDER_PATH)/InstagramLikeApp";
			};
			name = Debug;
		};
		5B907A732D8463DF007EBE08 /* Release */ = {
			isa = XCBuildConfiguration;
			buildSettings = {
				BUNDLE_LOADER = "$(TEST_HOST)";
				CODE_SIGN_STYLE = Automatic;
				CURRENT_PROJECT_VERSION = 1;
				DEVELOPMENT_TEAM = 34Z5QG59S2;
				GENERATE_INFOPLIST_FILE = YES;
				IPHONEOS_DEPLOYMENT_TARGET = 18.2;
				MARKETING_VERSION = 1.0;
				PRODUCT_BUNDLE_IDENTIFIER = amongus.com.InstagramLikeAppTests;
				PRODUCT_NAME = "$(TARGET_NAME)";
				SWIFT_EMIT_LOC_STRINGS = NO;
				SWIFT_VERSION = 5.0;
				TARGETED_DEVICE_FAMILY = "1,2";
				TEST_HOST = "$(BUILT_PRODUCTS_DIR)/InstagramLikeApp.app/$(BUNDLE_EXECUTABLE_FOLDER_PATH)/InstagramLikeApp";
			};
			name = Release;
		};
		5B907A752D8463DF007EBE08 /* Debug */ = {
			isa = XCBuildConfiguration;
			buildSettings = {
				CODE_SIGN_STYLE = Automatic;
				CURRENT_PROJECT_VERSION = 1;
				DEVELOPMENT_TEAM = 34Z5QG59S2;
				GENERATE_INFOPLIST_FILE = YES;
				MARKETING_VERSION = 1.0;
				PRODUCT_BUNDLE_IDENTIFIER = amongus.com.InstagramLikeAppUITests;
				PRODUCT_NAME = "$(TARGET_NAME)";
				SWIFT_EMIT_LOC_STRINGS = NO;
				SWIFT_VERSION = 5.0;
				TARGETED_DEVICE_FAMILY = "1,2";
				TEST_TARGET_NAME = InstagramLikeApp;
			};
			name = Debug;
		};
		5B907A762D8463DF007EBE08 /* Release */ = {
			isa = XCBuildConfiguration;
			buildSettings = {
				CODE_SIGN_STYLE = Automatic;
				CURRENT_PROJECT_VERSION = 1;
				DEVELOPMENT_TEAM = 34Z5QG59S2;
				GENERATE_INFOPLIST_FILE = YES;
				MARKETING_VERSION = 1.0;
				PRODUCT_BUNDLE_IDENTIFIER = amongus.com.InstagramLikeAppUITests;
				PRODUCT_NAME = "$(TARGET_NAME)";
				SWIFT_EMIT_LOC_STRINGS = NO;
				SWIFT_VERSION = 5.0;
				TARGETED_DEVICE_FAMILY = "1,2";
				TEST_TARGET_NAME = InstagramLikeApp;
			};
			name = Release;
		};
/* End XCBuildConfiguration section */

/* Begin XCConfigurationList section */
		5B907A452D8463DD007EBE08 /* Build configuration list for PBXProject "InstagramLikeApp" */ = {
			isa = XCConfigurationList;
			buildConfigurations = (
				5B907A6C2D8463DF007EBE08 /* Debug */,
				5B907A6D2D8463DF007EBE08 /* Release */,
			);
			defaultConfigurationIsVisible = 0;
			defaultConfigurationName = Release;
		};
		5B907A6E2D8463DF007EBE08 /* Build configuration list for PBXNativeTarget "InstagramLikeApp" */ = {
			isa = XCConfigurationList;
			buildConfigurations = (
				5B907A6F2D8463DF007EBE08 /* Debug */,
				5B907A702D8463DF007EBE08 /* Release */,
			);
			defaultConfigurationIsVisible = 0;
			defaultConfigurationName = Release;
		};
		5B907A712D8463DF007EBE08 /* Build configuration list for PBXNativeTarget "InstagramLikeAppTests" */ = {
			isa = XCConfigurationList;
			buildConfigurations = (
				5B907A722D8463DF007EBE08 /* Debug */,
				5B907A732D8463DF007EBE08 /* Release */,
			);
			defaultConfigurationIsVisible = 0;
			defaultConfigurationName = Release;
		};
		5B907A742D8463DF007EBE08 /* Build configuration list for PBXNativeTarget "InstagramLikeAppUITests" */ = {
			isa = XCConfigurationList;
			buildConfigurations = (
				5B907A752D8463DF007EBE08 /* Debug */,
				5B907A762D8463DF007EBE08 /* Release */,
			);
			defaultConfigurationIsVisible = 0;
			defaultConfigurationName = Release;
		};
/* End XCConfigurationList section */
	};
	rootObject = 5B907A422D8463DD007EBE08 /* Project object */;
}
